github.com/Gurux/gxcommon-go v1.0.16 h1:JUJkc1UO8LqH9nWY4Qlpx9Sm1iHoxeD1MnEfoJcBd8k=
github.com/Gurux/gxcommon-go v1.0.16/go.mod h1:IdoHSZqqKPZ9/wqC8ILE/OviqdOvCgbqUKH2RHOmVhc=
github.com/Gurux/gxnet-go v1.0.8 h1:hTlgaftWaIzQ/AVV1Jq1xWi7FVZ6NuFH+zXN3ScIcQY=
github.com/Gurux/gxnet-go v1.0.8/go.mod h1:dRv1tY4W5XIfNuyS36Un04s026kk+UsMRGxMeBIX1ic=
github.com/Gurux/gxserial-go v1.0.11 h1:iZBKKrdSCecU+K3hEyXPIR8DCGsqivu7KZ8VAh28CtE=
github.com/Gurux/gxserial-go v1.0.11/go.mod h1:3JieUrnpYk5vP5Zu7T+/ozkYszrH1e6be8ffhSwFb3Q=
golang.org/x/sys v0.43.0 h1:Rlag2XtaFTxp19wS8MXlJwTvoh8ArU6ezoyFsMyCTNI=
golang.org/x/sys v0.43.0/go.mod h1:4GL1E5IUh+htKOUEOaiffhrAeqysfVGipDYzABqnCmw=
golang.org/x/text v0.36.0 h1:JfKh3XmcRPqZPKevfXVpI1wXPTqbkE5f7JA92a55Yxg=
golang.org/x/text v0.36.0/go.mod h1:NIdBknypM8iqVmPiuco0Dh6P5Jcdk8lJL0CUebqK164=
